// !$*UTF8*$!
{
	archiveVersion = 1;
	classes = {
	};
	objectVersion = 51;
	objects = {

/* Begin PBXBuildFile section */
		A31EC921543F09A864C6D141 /* Pods_pon.framework in Frameworks */ = {isa = PBXBuildFile; fileRef = 54CC4C5DD6EE400B61087EF2 /* Pods_pon.framework */; };
		E6948B7F2B572BDE6162D60B /* Pods_ponTests.framework in Frameworks */ = {isa = PBXBuildFile; fileRef = ABE57B200099E498F2C948F3 /* Pods_ponTests.framework */; };
		EC0F117B25D5890800920074 /* MainController.swift in Sources */ = {isa = PBXBuildFile; fileRef = EC0F117A25D5890800920074 /* MainController.swift */; };
		EC0F118025D5891700920074 /* CalendarController.swift in Sources */ = {isa = PBXBuildFile; fileRef = EC0F117F25D5891700920074 /* CalendarController.swift */; };
		EC0F118625D58BC600920074 /* TabBarController.swift in Sources */ = {isa = PBXBuildFile; fileRef = EC0F118525D58BC600920074 /* TabBarController.swift */; };
		EC0F118E25D5B66F00920074 /* Checkbox.swift in Sources */ = {isa = PBXBuildFile; fileRef = EC0F118D25D5B66F00920074 /* Checkbox.swift */; };
		EC46D0FA25CC8040008B6FFF /* AppDelegate.swift in Sources */ = {isa = PBXBuildFile; fileRef = EC46D0F925CC8040008B6FFF /* AppDelegate.swift */; };
		EC46D0FC25CC8040008B6FFF /* SceneDelegate.swift in Sources */ = {isa = PBXBuildFile; fileRef = EC46D0FB25CC8040008B6FFF /* SceneDelegate.swift */; };
		EC46D0FE25CC8040008B6FFF /* ViewController.swift in Sources */ = {isa = PBXBuildFile; fileRef = EC46D0FD25CC8040008B6FFF /* ViewController.swift */; };
		EC46D10125CC8040008B6FFF /* Main.storyboard in Resources */ = {isa = PBXBuildFile; fileRef = EC46D0FF25CC8040008B6FFF /* Main.storyboard */; };
		EC46D10325CC8040008B6FFF /* Assets.xcassets in Resources */ = {isa = PBXBuildFile; fileRef = EC46D10225CC8040008B6FFF /* Assets.xcassets */; };
		EC46D10625CC8040008B6FFF /* LaunchScreen.storyboard in Resources */ = {isa = PBXBuildFile; fileRef = EC46D10425CC8040008B6FFF /* LaunchScreen.storyboard */; };
		EC46D11125CC8040008B6FFF /* ponTests.swift in Sources */ = {isa = PBXBuildFile; fileRef = EC46D11025CC8040008B6FFF /* ponTests.swift */; };
		EC46D11C25CC8040008B6FFF /* ponUITests.swift in Sources */ = {isa = PBXBuildFile; fileRef = EC46D11B25CC8040008B6FFF /* ponUITests.swift */; };
		EC46D13025CC8226008B6FFF /* ListController.swift in Sources */ = {isa = PBXBuildFile; fileRef = EC46D12F25CC8226008B6FFF /* ListController.swift */; };
		ECED1A6625D84A310080FE09 /* growthhelp.json in Resources */ = {isa = PBXBuildFile; fileRef = ECED1A5525D84A310080FE09 /* growthhelp.json */; };
		ECED1A6725D84A310080FE09 /* diamond.json in Resources */ = {isa = PBXBuildFile; fileRef = ECED1A5625D84A310080FE09 /* diamond.json */; };
		ECED1A6825D84A310080FE09 /* success.json in Resources */ = {isa = PBXBuildFile; fileRef = ECED1A5725D84A310080FE09 /* success.json */; };
		ECED1A6925D84A310080FE09 /* loading1.json in Resources */ = {isa = PBXBuildFile; fileRef = ECED1A5825D84A310080FE09 /* loading1.json */; };
		ECED1A6A25D84A310080FE09 /* growthplant.json in Resources */ = {isa = PBXBuildFile; fileRef = ECED1A5925D84A310080FE09 /* growthplant.json */; };
		ECED1A6B25D84A310080FE09 /* medal.json in Resources */ = {isa = PBXBuildFile; fileRef = ECED1A5A25D84A310080FE09 /* medal.json */; };
		ECED1A6C25D84A310080FE09 /* growth.json in Resources */ = {isa = PBXBuildFile; fileRef = ECED1A5B25D84A310080FE09 /* growth.json */; };
		ECED1A6D25D84A310080FE09 /* checklist.json in Resources */ = {isa = PBXBuildFile; fileRef = ECED1A5C25D84A310080FE09 /* checklist.json */; };
		ECED1A6E25D84A310080FE09 /* gold.json in Resources */ = {isa = PBXBuildFile; fileRef = ECED1A5D25D84A310080FE09 /* gold.json */; };
		ECED1A6F25D84A310080FE09 /* happy.json in Resources */ = {isa = PBXBuildFile; fileRef = ECED1A5E25D84A310080FE09 /* happy.json */; };
		ECED1A7025D84A310080FE09 /* pyramid.json in Resources */ = {isa = PBXBuildFile; fileRef = ECED1A5F25D84A310080FE09 /* pyramid.json */; };
		ECED1A7125D84A310080FE09 /* silver.json in Resources */ = {isa = PBXBuildFile; fileRef = ECED1A6025D84A310080FE09 /* silver.json */; };
		ECED1A7225D84A310080FE09 /* bronze.json in Resources */ = {isa = PBXBuildFile; fileRef = ECED1A6125D84A310080FE09 /* bronze.json */; };
		ECED1A7325D84A310080FE09 /* growth2.json in Resources */ = {isa = PBXBuildFile; fileRef = ECED1A6225D84A310080FE09 /* growth2.json */; };
		ECED1A7425D84A310080FE09 /* growth3.json in Resources */ = {isa = PBXBuildFile; fileRef = ECED1A6325D84A310080FE09 /* growth3.json */; };
		ECED1A7525D84A310080FE09 /* loading2.json in Resources */ = {isa = PBXBuildFile; fileRef = ECED1A6425D84A310080FE09 /* loading2.json */; };
		ECED1A7625D84A310080FE09 /* calendar.json in Resources */ = {isa = PBXBuildFile; fileRef = ECED1A6525D84A310080FE09 /* calendar.json */; };
		ECED1A7E25D84FB90080FE09 /* CardView.swift in Sources */ = {isa = PBXBuildFile; fileRef = ECED1A7D25D84FB90080FE09 /* CardView.swift */; };
		ECED1A8625D852BA0080FE09 /* OnboardingViewController.swift in Sources */ = {isa = PBXBuildFile; fileRef = ECED1A8525D852BA0080FE09 /* OnboardingViewController.swift */; };
		ECED1A8B25D86DD50080FE09 /* boardingController.swift in Sources */ = {isa = PBXBuildFile; fileRef = ECED1A8A25D86DD50080FE09 /* boardingController.swift */; };
		EF40127E15D15241BE32674C /* Pods_pon_ponUITests.framework in Frameworks */ = {isa = PBXBuildFile; fileRef = B08C2A6DDBA162EF1F3DD168 /* Pods_pon_ponUITests.framework */; };
/* End PBXBuildFile section */

/* Begin PBXContainerItemProxy section */
		EC46D10D25CC8040008B6FFF /* PBXContainerItemProxy */ = {
			isa = PBXContainerItemProxy;
			containerPortal = EC46D0EE25CC8040008B6FFF /* Project object */;
			proxyType = 1;
			remoteGlobalIDString = EC46D0F525CC8040008B6FFF;
			remoteInfo = pon;
		};
		EC46D11825CC8040008B6FFF /* PBXContainerItemProxy */ = {
			isa = PBXContainerItemProxy;
			containerPortal = EC46D0EE25CC8040008B6FFF /* Project object */;
			proxyType = 1;
			remoteGlobalIDString = EC46D0F525CC8040008B6FFF;
			remoteInfo = pon;
		};
/* End PBXContainerItemProxy section */

/* Begin PBXFileReference section */
		10D13FC8CCBCA62CEE038A7B /* Pods-pon-ponUITests.debug.xcconfig */ = {isa = PBXFileReference; includeInIndex = 1; lastKnownFileType = text.xcconfig; name = "Pods-pon-ponUITests.debug.xcconfig"; path = "Target Support Files/Pods-pon-ponUITests/Pods-pon-ponUITests.debug.xcconfig"; sourceTree = "<group>"; };
		54CC4C5DD6EE400B61087EF2 /* Pods_pon.framework */ = {isa = PBXFileReference; explicitFileType = wrapper.framework; includeInIndex = 0; path = Pods_pon.framework; sourceTree = BUILT_PRODUCTS_DIR; };
		57169295A0BBDEEF59A537AB /* Pods-ponTests.debug.xcconfig */ = {isa = PBXFileReference; includeInIndex = 1; lastKnownFileType = text.xcconfig; name = "Pods-ponTests.debug.xcconfig"; path = "Target Support Files/Pods-ponTests/Pods-ponTests.debug.xcconfig"; sourceTree = "<group>"; };
		6B47EE71EEE833540E5F71A3 /* Pods-ponTests.release.xcconfig */ = {isa = PBXFileReference; includeInIndex = 1; lastKnownFileType = text.xcconfig; name = "Pods-ponTests.release.xcconfig"; path = "Target Support Files/Pods-ponTests/Pods-ponTests.release.xcconfig"; sourceTree = "<group>"; };
		78FB6830AA03AFB9F65A8E5D /* Pods-pon-ponUITests.release.xcconfig */ = {isa = PBXFileReference; includeInIndex = 1; lastKnownFileType = text.xcconfig; name = "Pods-pon-ponUITests.release.xcconfig"; path = "Target Support Files/Pods-pon-ponUITests/Pods-pon-ponUITests.release.xcconfig"; sourceTree = "<group>"; };
		9F34735DF2354CFFC20A39F5 /* Pods-pon.debug.xcconfig */ = {isa = PBXFileReference; includeInIndex = 1; lastKnownFileType = text.xcconfig; name = "Pods-pon.debug.xcconfig"; path = "Target Support Files/Pods-pon/Pods-pon.debug.xcconfig"; sourceTree = "<group>"; };
		ABE57B200099E498F2C948F3 /* Pods_ponTests.framework */ = {isa = PBXFileReference; explicitFileType = wrapper.framework; includeInIndex = 0; path = Pods_ponTests.framework; sourceTree = BUILT_PRODUCTS_DIR; };
		B08C2A6DDBA162EF1F3DD168 /* Pods_pon_ponUITests.framework */ = {isa = PBXFileReference; explicitFileType = wrapper.framework; includeInIndex = 0; path = Pods_pon_ponUITests.framework; sourceTree = BUILT_PRODUCTS_DIR; };
		C88CFC22CD49427A2F7AC4C9 /* Pods-pon.release.xcconfig */ = {isa = PBXFileReference; includeInIndex = 1; lastKnownFileType = text.xcconfig; name = "Pods-pon.release.xcconfig"; path = "Target Support Files/Pods-pon/Pods-pon.release.xcconfig"; sourceTree = "<group>"; };
		EC0F117A25D5890800920074 /* MainController.swift */ = {isa = PBXFileReference; lastKnownFileType = sourcecode.swift; path = MainController.swift; sourceTree = "<group>"; };
		EC0F117F25D5891700920074 /* CalendarController.swift */ = {isa = PBXFileReference; lastKnownFileType = sourcecode.swift; path = CalendarController.swift; sourceTree = "<group>"; };
		EC0F118525D58BC600920074 /* TabBarController.swift */ = {isa = PBXFileReference; lastKnownFileType = sourcecode.swift; path = TabBarController.swift; sourceTree = "<group>"; };
		EC0F118D25D5B66F00920074 /* Checkbox.swift */ = {isa = PBXFileReference; lastKnownFileType = sourcecode.swift; path = Checkbox.swift; sourceTree = "<group>"; };
		EC46D0F625CC8040008B6FFF /* pon.app */ = {isa = PBXFileReference; explicitFileType = wrapper.application; includeInIndex = 0; path = pon.app; sourceTree = BUILT_PRODUCTS_DIR; };
		EC46D0F925CC8040008B6FFF /* AppDelegate.swift */ = {isa = PBXFileReference; lastKnownFileType = sourcecode.swift; path = AppDelegate.swift; sourceTree = "<group>"; };
		EC46D0FB25CC8040008B6FFF /* SceneDelegate.swift */ = {isa = PBXFileReference; lastKnownFileType = sourcecode.swift; path = SceneDelegate.swift; sourceTree = "<group>"; };
		EC46D0FD25CC8040008B6FFF /* ViewController.swift */ = {isa = PBXFileReference; lastKnownFileType = sourcecode.swift; path = ViewController.swift; sourceTree = "<group>"; };
		EC46D10025CC8040008B6FFF /* Base */ = {isa = PBXFileReference; lastKnownFileType = file.storyboard; name = Base; path = Base.lproj/Main.storyboard; sourceTree = "<group>"; };
		EC46D10225CC8040008B6FFF /* Assets.xcassets */ = {isa = PBXFileReference; lastKnownFileType = folder.assetcatalog; path = Assets.xcassets; sourceTree = "<group>"; };
		EC46D10525CC8040008B6FFF /* Base */ = {isa = PBXFileReference; lastKnownFileType = file.storyboard; name = Base; path = Base.lproj/LaunchScreen.storyboard; sourceTree = "<group>"; };
		EC46D10725CC8040008B6FFF /* Info.plist */ = {isa = PBXFileReference; lastKnownFileType = text.plist.xml; path = Info.plist; sourceTree = "<group>"; };
		EC46D10C25CC8040008B6FFF /* ponTests.xctest */ = {isa = PBXFileReference; explicitFileType = wrapper.cfbundle; includeInIndex = 0; path = ponTests.xctest; sourceTree = BUILT_PRODUCTS_DIR; };
		EC46D11025CC8040008B6FFF /* ponTests.swift */ = {isa = PBXFileReference; lastKnownFileType = sourcecode.swift; path = ponTests.swift; sourceTree = "<group>"; };
		EC46D11225CC8040008B6FFF /* Info.plist */ = {isa = PBXFileReference; lastKnownFileType = text.plist.xml; path = Info.plist; sourceTree = "<group>"; };
		EC46D11725CC8040008B6FFF /* ponUITests.xctest */ = {isa = PBXFileReference; explicitFileType = wrapper.cfbundle; includeInIndex = 0; path = ponUITests.xctest; sourceTree = BUILT_PRODUCTS_DIR; };
		EC46D11B25CC8040008B6FFF /* ponUITests.swift */ = {isa = PBXFileReference; lastKnownFileType = sourcecode.swift; path = ponUITests.swift; sourceTree = "<group>"; };
		EC46D11D25CC8040008B6FFF /* Info.plist */ = {isa = PBXFileReference; lastKnownFileType = text.plist.xml; path = Info.plist; sourceTree = "<group>"; };
		EC46D12F25CC8226008B6FFF /* ListController.swift */ = {isa = PBXFileReference; lastKnownFileType = sourcecode.swift; path = ListController.swift; sourceTree = "<group>"; };
		ECED1A5525D84A310080FE09 /* growthhelp.json */ = {isa = PBXFileReference; fileEncoding = 4; lastKnownFileType = text.json; path = growthhelp.json; sourceTree = "<group>"; };
		ECED1A5625D84A310080FE09 /* diamond.json */ = {isa = PBXFileReference; fileEncoding = 4; lastKnownFileType = text.json; path = diamond.json; sourceTree = "<group>"; };
		ECED1A5725D84A310080FE09 /* success.json */ = {isa = PBXFileReference; fileEncoding = 4; lastKnownFileType = text.json; path = success.json; sourceTree = "<group>"; };
		ECED1A5825D84A310080FE09 /* loading1.json */ = {isa = PBXFileReference; fileEncoding = 4; lastKnownFileType = text.json; path = loading1.json; sourceTree = "<group>"; };
		ECED1A5925D84A310080FE09 /* growthplant.json */ = {isa = PBXFileReference; fileEncoding = 4; lastKnownFileType = text.json; path = growthplant.json; sourceTree = "<group>"; };
		ECED1A5A25D84A310080FE09 /* medal.json */ = {isa = PBXFileReference; fileEncoding = 4; lastKnownFileType = text.json; path = medal.json; sourceTree = "<group>"; };
		ECED1A5B25D84A310080FE09 /* growth.json */ = {isa = PBXFileReference; fileEncoding = 4; lastKnownFileType = text.json; path = growth.json; sourceTree = "<group>"; };
		ECED1A5C25D84A310080FE09 /* checklist.json */ = {isa = PBXFileReference; fileEncoding = 4; lastKnownFileType = text.json; path = checklist.json; sourceTree = "<group>"; };
		ECED1A5D25D84A310080FE09 /* gold.json */ = {isa = PBXFileReference; fileEncoding = 4; lastKnownFileType = text.json; path = gold.json; sourceTree = "<group>"; };
		ECED1A5E25D84A310080FE09 /* happy.json */ = {isa = PBXFileReference; fileEncoding = 4; lastKnownFileType = text.json; path = happy.json; sourceTree = "<group>"; };
		ECED1A5F25D84A310080FE09 /* pyramid.json */ = {isa = PBXFileReference; fileEncoding = 4; lastKnownFileType = text.json; path = pyramid.json; sourceTree = "<group>"; };
		ECED1A6025D84A310080FE09 /* silver.json */ = {isa = PBXFileReference; fileEncoding = 4; lastKnownFileType = text.json; path = silver.json; sourceTree = "<group>"; };
		ECED1A6125D84A310080FE09 /* bronze.json */ = {isa = PBXFileReference; fileEncoding = 4; lastKnownFileType = text.json; path = bronze.json; sourceTree = "<group>"; };
		ECED1A6225D84A310080FE09 /* growth2.json */ = {isa = PBXFileReference; fileEncoding = 4; lastKnownFileType = text.json; path = growth2.json; sourceTree = "<group>"; };
		ECED1A6325D84A310080FE09 /* growth3.json */ = {isa = PBXFileReference; fileEncoding = 4; lastKnownFileType = text.json; path = growth3.json; sourceTree = "<group>"; };
		ECED1A6425D84A310080FE09 /* loading2.json */ = {isa = PBXFileReference; fileEncoding = 4; lastKnownFileType = text.json; path = loading2.json; sourceTree = "<group>"; };
		ECED1A6525D84A310080FE09 /* calendar.json */ = {isa = PBXFileReference; fileEncoding = 4; lastKnownFileType = text.json; path = calendar.json; sourceTree = "<group>"; };
		ECED1A7D25D84FB90080FE09 /* CardView.swift */ = {isa = PBXFileReference; lastKnownFileType = sourcecode.swift; path = CardView.swift; sourceTree = "<group>"; };
		ECED1A8525D852BA0080FE09 /* OnboardingViewController.swift */ = {isa = PBXFileReference; lastKnownFileType = sourcecode.swift; path = OnboardingViewController.swift; sourceTree = "<group>"; };
		ECED1A8A25D86DD50080FE09 /* boardingController.swift */ = {isa = PBXFileReference; lastKnownFileType = sourcecode.swift; path = boardingController.swift; sourceTree = "<group>"; };
/* End PBXFileReference section */

/* Begin PBXFrameworksBuildPhase section */
		EC46D0F325CC8040008B6FFF /* Frameworks */ = {
			isa = PBXFrameworksBuildPhase;
			buildActionMask = 2147483647;
			files = (
				A31EC921543F09A864C6D141 /* Pods_pon.framework in Frameworks */,
			);
			runOnlyForDeploymentPostprocessing = 0;
		};
		EC46D10925CC8040008B6FFF /* Frameworks */ = {
			isa = PBXFrameworksBuildPhase;
			buildActionMask = 2147483647;
			files = (
				E6948B7F2B572BDE6162D60B /* Pods_ponTests.framework in Frameworks */,
			);
			runOnlyForDeploymentPostprocessing = 0;
		};
		EC46D11425CC8040008B6FFF /* Frameworks */ = {
			isa = PBXFrameworksBuildPhase;
			buildActionMask = 2147483647;
			files = (
				EF40127E15D15241BE32674C /* Pods_pon_ponUITests.framework in Frameworks */,
			);
			runOnlyForDeploymentPostprocessing = 0;
		};
/* End PBXFrameworksBuildPhase section */

/* Begin PBXGroup section */
		5C6916DE542CC74581883FD6 /* Frameworks */ = {
			isa = PBXGroup;
			children = (
				54CC4C5DD6EE400B61087EF2 /* Pods_pon.framework */,
				B08C2A6DDBA162EF1F3DD168 /* Pods_pon_ponUITests.framework */,
				ABE57B200099E498F2C948F3 /* Pods_ponTests.framework */,
			);
			name = Frameworks;
			sourceTree = "<group>";
		};
		69E8738D5906467A4F146B4B /* Pods */ = {
			isa = PBXGroup;
			children = (
				9F34735DF2354CFFC20A39F5 /* Pods-pon.debug.xcconfig */,
				C88CFC22CD49427A2F7AC4C9 /* Pods-pon.release.xcconfig */,
				10D13FC8CCBCA62CEE038A7B /* Pods-pon-ponUITests.debug.xcconfig */,
				78FB6830AA03AFB9F65A8E5D /* Pods-pon-ponUITests.release.xcconfig */,
				57169295A0BBDEEF59A537AB /* Pods-ponTests.debug.xcconfig */,
				6B47EE71EEE833540E5F71A3 /* Pods-ponTests.release.xcconfig */,
			);
			path = Pods;
			sourceTree = "<group>";
		};
		EC46D0ED25CC8040008B6FFF = {
			isa = PBXGroup;
			children = (
				EC46D0F825CC8040008B6FFF /* pon */,
				EC46D10F25CC8040008B6FFF /* ponTests */,
				EC46D11A25CC8040008B6FFF /* ponUITests */,
				EC46D0F725CC8040008B6FFF /* Products */,
				69E8738D5906467A4F146B4B /* Pods */,
				5C6916DE542CC74581883FD6 /* Frameworks */,
			);
			sourceTree = "<group>";
		};
		EC46D0F725CC8040008B6FFF /* Products */ = {
			isa = PBXGroup;
			children = (
				EC46D0F625CC8040008B6FFF /* pon.app */,
				EC46D10C25CC8040008B6FFF /* ponTests.xctest */,
				EC46D11725CC8040008B6FFF /* ponUITests.xctest */,
			);
			name = Products;
			sourceTree = "<group>";
		};
		EC46D0F825CC8040008B6FFF /* pon */ = {
			isa = PBXGroup;
			children = (
				ECED1A6125D84A310080FE09 /* bronze.json */,
				ECED1A6525D84A310080FE09 /* calendar.json */,
				ECED1A5C25D84A310080FE09 /* checklist.json */,
				ECED1A5625D84A310080FE09 /* diamond.json */,
				ECED1A5D25D84A310080FE09 /* gold.json */,
				ECED1A5B25D84A310080FE09 /* growth.json */,
				ECED1A6225D84A310080FE09 /* growth2.json */,
				ECED1A6325D84A310080FE09 /* growth3.json */,
				ECED1A5525D84A310080FE09 /* growthhelp.json */,
				ECED1A5925D84A310080FE09 /* growthplant.json */,
				ECED1A5E25D84A310080FE09 /* happy.json */,
				ECED1A5825D84A310080FE09 /* loading1.json */,
				ECED1A6425D84A310080FE09 /* loading2.json */,
				ECED1A5A25D84A310080FE09 /* medal.json */,
				ECED1A5F25D84A310080FE09 /* pyramid.json */,
				ECED1A6025D84A310080FE09 /* silver.json */,
				ECED1A5725D84A310080FE09 /* success.json */,
				EC46D0F925CC8040008B6FFF /* AppDelegate.swift */,
				EC46D0FB25CC8040008B6FFF /* SceneDelegate.swift */,
				EC46D0FD25CC8040008B6FFF /* ViewController.swift */,
				EC46D0FF25CC8040008B6FFF /* Main.storyboard */,
				EC46D10225CC8040008B6FFF /* Assets.xcassets */,
				EC46D10425CC8040008B6FFF /* LaunchScreen.storyboard */,
				EC46D10725CC8040008B6FFF /* Info.plist */,
				EC46D12F25CC8226008B6FFF /* ListController.swift */,
				EC0F117A25D5890800920074 /* MainController.swift */,
				EC0F117F25D5891700920074 /* CalendarController.swift */,
				EC0F118525D58BC600920074 /* TabBarController.swift */,
				EC0F118D25D5B66F00920074 /* Checkbox.swift */,
				ECED1A7D25D84FB90080FE09 /* CardView.swift */,
				ECED1A8525D852BA0080FE09 /* OnboardingViewController.swift */,
				ECED1A8A25D86DD50080FE09 /* boardingController.swift */,
			);
			path = pon;
			sourceTree = "<group>";
		};
		EC46D10F25CC8040008B6FFF /* ponTests */ = {
			isa = PBXGroup;
			children = (
				EC46D11025CC8040008B6FFF /* ponTests.swift */,
				EC46D11225CC8040008B6FFF /* Info.plist */,
			);
			path = ponTests;
			sourceTree = "<group>";
		};
		EC46D11A25CC8040008B6FFF /* ponUITests */ = {
			isa = PBXGroup;
			children = (
				EC46D11B25CC8040008B6FFF /* ponUITests.swift */,
				EC46D11D25CC8040008B6FFF /* Info.plist */,
			);
			path = ponUITests;
			sourceTree = "<group>";
		};
/* End PBXGroup section */

/* Begin PBXNativeTarget section */
		EC46D0F525CC8040008B6FFF /* pon */ = {
			isa = PBXNativeTarget;
			buildConfigurationList = EC46D12025CC8040008B6FFF /* Build configuration list for PBXNativeTarget "pon" */;
			buildPhases = (
				4787CC65108D43874D76A62F /* [CP] Check Pods Manifest.lock */,
				EC46D0F225CC8040008B6FFF /* Sources */,
				EC46D0F325CC8040008B6FFF /* Frameworks */,
				EC46D0F425CC8040008B6FFF /* Resources */,
				E503252891CF2C08DD97DFA3 /* [CP] Embed Pods Frameworks */,
			);
			buildRules = (
			);
			dependencies = (
			);
			name = pon;
			productName = pon;
			productReference = EC46D0F625CC8040008B6FFF /* pon.app */;
			productType = "com.apple.product-type.application";
		};
		EC46D10B25CC8040008B6FFF /* ponTests */ = {
			isa = PBXNativeTarget;
			buildConfigurationList = EC46D12325CC8040008B6FFF /* Build configuration list for PBXNativeTarget "ponTests" */;
			buildPhases = (
				958047356F52DEDF278E96ED /* [CP] Check Pods Manifest.lock */,
				EC46D10825CC8040008B6FFF /* Sources */,
				EC46D10925CC8040008B6FFF /* Frameworks */,
				EC46D10A25CC8040008B6FFF /* Resources */,
			);
			buildRules = (
			);
			dependencies = (
				EC46D10E25CC8040008B6FFF /* PBXTargetDependency */,
			);
			name = ponTests;
			productName = ponTests;
			productReference = EC46D10C25CC8040008B6FFF /* ponTests.xctest */;
			productType = "com.apple.product-type.bundle.unit-test";
		};
		EC46D11625CC8040008B6FFF /* ponUITests */ = {
			isa = PBXNativeTarget;
			buildConfigurationList = EC46D12625CC8040008B6FFF /* Build configuration list for PBXNativeTarget "ponUITests" */;
			buildPhases = (
				6039B6C8FE974A0E4A4CF3E7 /* [CP] Check Pods Manifest.lock */,
				EC46D11325CC8040008B6FFF /* Sources */,
				EC46D11425CC8040008B6FFF /* Frameworks */,
				EC46D11525CC8040008B6FFF /* Resources */,
				7C87223BEE10239D7C1DA669 /* [CP] Embed Pods Frameworks */,
			);
			buildRules = (
			);
			dependencies = (
				EC46D11925CC8040008B6FFF /* PBXTargetDependency */,
			);
			name = ponUITests;
			productName = ponUITests;
			productReference = EC46D11725CC8040008B6FFF /* ponUITests.xctest */;
			productType = "com.apple.product-type.bundle.ui-testing";
		};
/* End PBXNativeTarget section */

/* Begin PBXProject section */
		EC46D0EE25CC8040008B6FFF /* Project object */ = {
			isa = PBXProject;
			attributes = {
				LastSwiftUpdateCheck = 1230;
				LastUpgradeCheck = 1230;
				TargetAttributes = {
					EC46D0F525CC8040008B6FFF = {
						CreatedOnToolsVersion = 12.3;
					};
					EC46D10B25CC8040008B6FFF = {
						CreatedOnToolsVersion = 12.3;
						TestTargetID = EC46D0F525CC8040008B6FFF;
					};
					EC46D11625CC8040008B6FFF = {
						CreatedOnToolsVersion = 12.3;
						TestTargetID = EC46D0F525CC8040008B6FFF;
					};
				};
			};
			buildConfigurationList = EC46D0F125CC8040008B6FFF /* Build configuration list for PBXProject "pon" */;
			compatibilityVersion = "Xcode 9.3";
			developmentRegion = en;
			hasScannedForEncodings = 0;
			knownRegions = (
				en,
				Base,
			);
			mainGroup = EC46D0ED25CC8040008B6FFF;
			productRefGroup = EC46D0F725CC8040008B6FFF /* Products */;
			projectDirPath = "";
			projectRoot = "";
			targets = (
				EC46D0F525CC8040008B6FFF /* pon */,
				EC46D10B25CC8040008B6FFF /* ponTests */,
				EC46D11625CC8040008B6FFF /* ponUITests */,
			);
		};
/* End PBXProject section */

/* Begin PBXResourcesBuildPhase section */
		EC46D0F425CC8040008B6FFF /* Resources */ = {
			isa = PBXResourcesBuildPhase;
			buildActionMask = 2147483647;
			files = (
				ECED1A7025D84A310080FE09 /* pyramid.json in Resources */,
				ECED1A6D25D84A310080FE09 /* checklist.json in Resources */,
				ECED1A6B25D84A310080FE09 /* medal.json in Resources */,
				ECED1A7225D84A310080FE09 /* bronze.json in Resources */,
				EC46D10625CC8040008B6FFF /* LaunchScreen.storyboard in Resources */,
				ECED1A6E25D84A310080FE09 /* gold.json in Resources */,
				EC46D10325CC8040008B6FFF /* Assets.xcassets in Resources */,
				ECED1A7325D84A310080FE09 /* growth2.json in Resources */,
				ECED1A6A25D84A310080FE09 /* growthplant.json in Resources */,
				ECED1A6725D84A310080FE09 /* diamond.json in Resources */,
				ECED1A7425D84A310080FE09 /* growth3.json in Resources */,
				EC46D10125CC8040008B6FFF /* Main.storyboard in Resources */,
				ECED1A6C25D84A310080FE09 /* growth.json in Resources */,
				ECED1A6625D84A310080FE09 /* growthhelp.json in Resources */,
				ECED1A6825D84A310080FE09 /* success.json in Resources */,
				ECED1A6F25D84A310080FE09 /* happy.json in Resources */,
				ECED1A7125D84A310080FE09 /* silver.json in Resources */,
				ECED1A6925D84A310080FE09 /* loading1.json in Resources */,
				ECED1A7525D84A310080FE09 /* loading2.json in Resources */,
				ECED1A7625D84A310080FE09 /* calendar.json in Resources */,
			);
			runOnlyForDeploymentPostprocessing = 0;
		};
		EC46D10A25CC8040008B6FFF /* Resources */ = {
			isa = PBXResourcesBuildPhase;
			buildActionMask = 2147483647;
			files = (
			);
			runOnlyForDeploymentPostprocessing = 0;
		};
		EC46D11525CC8040008B6FFF /* Resources */ = {
			isa = PBXResourcesBuildPhase;
			buildActionMask = 2147483647;
			files = (
			);
			runOnlyForDeploymentPostprocessing = 0;
		};
/* End PBXResourcesBuildPhase section */

/* Begin PBXShellScriptBuildPhase section */
		4787CC65108D43874D76A62F /* [CP] Check Pods Manifest.lock */ = {
			isa = PBXShellScriptBuildPhase;
			buildActionMask = 2147483647;
			files = (
			);
			inputFileListPaths = (
			);
			inputPaths = (
				"${PODS_PODFILE_DIR_PATH}/Podfile.lock",
				"${PODS_ROOT}/Manifest.lock",
			);
			name = "[CP] Check Pods Manifest.lock";
			outputFileListPaths = (
			);
			outputPaths = (
				"$(DERIVED_FILE_DIR)/Pods-pon-checkManifestLockResult.txt",
			);
			runOnlyForDeploymentPostprocessing = 0;
			shellPath = /bin/sh;
			shellScript = "diff \"${PODS_PODFILE_DIR_PATH}/Podfile.lock\" \"${PODS_ROOT}/Manifest.lock\" > /dev/null\nif [ $? != 0 ] ; then\n    # print error to STDERR\n    echo \"error: The sandbox is not in sync with the Podfile.lock. Run 'pod install' or update your CocoaPods installation.\" >&2\n    exit 1\nfi\n# This output is used by Xcode 'outputs' to avoid re-running this script phase.\necho \"SUCCESS\" > \"${SCRIPT_OUTPUT_FILE_0}\"\n";
			showEnvVarsInLog = 0;
		};
		6039B6C8FE974A0E4A4CF3E7 /* [CP] Check Pods Manifest.lock */ = {
			isa = PBXShellScriptBuildPhase;
			buildActionMask = 2147483647;
			files = (
			);
			inputFileListPaths = (
			);
			inputPaths = (
				"${PODS_PODFILE_DIR_PATH}/Podfile.lock",
				"${PODS_ROOT}/Manifest.lock",
			);
			name = "[CP] Check Pods Manifest.lock";
			outputFileListPaths = (
			);
			outputPaths = (
				"$(DERIVED_FILE_DIR)/Pods-pon-ponUITests-checkManifestLockResult.txt",
			);
			runOnlyForDeploymentPostprocessing = 0;
			shellPath = /bin/sh;
			shellScript = "diff \"${PODS_PODFILE_DIR_PATH}/Podfile.lock\" \"${PODS_ROOT}/Manifest.lock\" > /dev/null\nif [ $? != 0 ] ; then\n    # print error to STDERR\n    echo \"error: The sandbox is not in sync with the Podfile.lock. Run 'pod install' or update your CocoaPods installation.\" >&2\n    exit 1\nfi\n# This output is used by Xcode 'outputs' to avoid re-running this script phase.\necho \"SUCCESS\" > \"${SCRIPT_OUTPUT_FILE_0}\"\n";
			showEnvVarsInLog = 0;
		};
		7C87223BEE10239D7C1DA669 /* [CP] Embed Pods Frameworks */ = {
			isa = PBXShellScriptBuildPhase;
			buildActionMask = 2147483647;
			files = (
			);
			inputFileListPaths = (
				"${PODS_ROOT}/Target Support Files/Pods-pon-ponUITests/Pods-pon-ponUITests-frameworks-${CONFIGURATION}-input-files.xcfilelist",
			);
			name = "[CP] Embed Pods Frameworks";
			outputFileListPaths = (
				"${PODS_ROOT}/Target Support Files/Pods-pon-ponUITests/Pods-pon-ponUITests-frameworks-${CONFIGURATION}-output-files.xcfilelist",
			);
			runOnlyForDeploymentPostprocessing = 0;
			shellPath = /bin/sh;
			shellScript = "\"${PODS_ROOT}/Target Support Files/Pods-pon-ponUITests/Pods-pon-ponUITests-frameworks.sh\"\n";
			showEnvVarsInLog = 0;
		};
		958047356F52DEDF278E96ED /* [CP] Check Pods Manifest.lock */ = {
			isa = PBXShellScriptBuildPhase;
			buildActionMask = 2147483647;
			files = (
			);
			inputFileListPaths = (
			);
			inputPaths = (
				"${PODS_PODFILE_DIR_PATH}/Podfile.lock",
				"${PODS_ROOT}/Manifest.lock",
			);
			name = "[CP] Check Pods Manifest.lock";
			outputFileListPaths = (
			);
			outputPaths = (
				"$(DERIVED_FILE_DIR)/Pods-ponTests-checkManifestLockResult.txt",
			);
			runOnlyForDeploymentPostprocessing = 0;
			shellPath = /bin/sh;
			shellScript = "diff \"${PODS_PODFILE_DIR_PATH}/Podfile.lock\" \"${PODS_ROOT}/Manifest.lock\" > /dev/null\nif [ $? != 0 ] ; then\n    # print error to STDERR\n    echo \"error: The sandbox is not in sync with the Podfile.lock. Run 'pod install' or update your CocoaPods installation.\" >&2\n    exit 1\nfi\n# This output is used by Xcode 'outputs' to avoid re-running this script phase.\necho \"SUCCESS\" > \"${SCRIPT_OUTPUT_FILE_0}\"\n";
			showEnvVarsInLog = 0;
		};
		E503252891CF2C08DD97DFA3 /* [CP] Embed Pods Frameworks */ = {
			isa = PBXShellScriptBuildPhase;
			buildActionMask = 2147483647;
			files = (
			);
			inputFileListPaths = (
				"${PODS_ROOT}/Target Support Files/Pods-pon/Pods-pon-frameworks-${CONFIGURATION}-input-files.xcfilelist",
			);
			name = "[CP] Embed Pods Frameworks";
			outputFileListPaths = (
				"${PODS_ROOT}/Target Support Files/Pods-pon/Pods-pon-frameworks-${CONFIGURATION}-output-files.xcfilelist",
			);
			runOnlyForDeploymentPostprocessing = 0;
			shellPath = /bin/sh;
			shellScript = "\"${PODS_ROOT}/Target Support Files/Pods-pon/Pods-pon-frameworks.sh\"\n";
			showEnvVarsInLog = 0;
		};
/* End PBXShellScriptBuildPhase section */

/* Begin PBXSourcesBuildPhase section */
		EC46D0F225CC8040008B6FFF /* Sources */ = {
			isa = PBXSourcesBuildPhase;
			buildActionMask = 2147483647;
			files = (
				EC0F117B25D5890800920074 /* MainController.swift in Sources */,
				EC46D0FE25CC8040008B6FFF /* ViewController.swift in Sources */,
				EC46D0FA25CC8040008B6FFF /* AppDelegate.swift in Sources */,
				EC0F118625D58BC600920074 /* TabBarController.swift in Sources */,
				ECED1A7E25D84FB90080FE09 /* CardView.swift in Sources */,
				EC0F118E25D5B66F00920074 /* Checkbox.swift in Sources */,
				EC46D0FC25CC8040008B6FFF /* SceneDelegate.swift in Sources */,
				ECED1A8625D852BA0080FE09 /* OnboardingViewController.swift in Sources */,
				EC46D13025CC8226008B6FFF /* ListController.swift in Sources */,
				ECED1A8B25D86DD50080FE09 /* boardingController.swift in Sources */,
				EC0F118025D5891700920074 /* CalendarController.swift in Sources */,
			);
			runOnlyForDeploymentPostprocessing = 0;
		};
		EC46D10825CC8040008B6FFF /* Sources */ = {
			isa = PBXSourcesBuildPhase;
			buildActionMask = 2147483647;
			files = (
				EC46D11125CC8040008B6FFF /* ponTests.swift in Sources */,
			);
			runOnlyForDeploymentPostprocessing = 0;
		};
		EC46D11325CC8040008B6FFF /* Sources */ = {
			isa = PBXSourcesBuildPhase;
			buildActionMask = 2147483647;
			files = (
				EC46D11C25CC8040008B6FFF /* ponUITests.swift in Sources */,
			);
			runOnlyForDeploymentPostprocessing = 0;
		};
/* End PBXSourcesBuildPhase section */

/* Begin PBXTargetDependency section */
		EC46D10E25CC8040008B6FFF /* PBXTargetDependency */ = {
			isa = PBXTargetDependency;
			target = EC46D0F525CC8040008B6FFF /* pon */;
			targetProxy = EC46D10D25CC8040008B6FFF /* PBXContainerItemProxy */;
		};
		EC46D11925CC8040008B6FFF /* PBXTargetDependency */ = {
			isa = PBXTargetDependency;
			target = EC46D0F525CC8040008B6FFF /* pon */;
			targetProxy = EC46D11825CC8040008B6FFF /* PBXContainerItemProxy */;
		};
/* End PBXTargetDependency section */

/* Begin PBXVariantGroup section */
		EC46D0FF25CC8040008B6FFF /* Main.storyboard */ = {
			isa = PBXVariantGroup;
			children = (
				EC46D10025CC8040008B6FFF /* Base */,
			);
			name = Main.storyboard;
			sourceTree = "<group>";
		};
		EC46D10425CC8040008B6FFF /* LaunchScreen.storyboard */ = {
			isa = PBXVariantGroup;
			children = (
				EC46D10525CC8040008B6FFF /* Base */,
			);
			name = LaunchScreen.storyboard;
			sourceTree = "<group>";
		};
/* End PBXVariantGroup section */

/* Begin XCBuildConfiguration section */
		EC46D11E25CC8040008B6FFF /* Debug */ = {
			isa = XCBuildConfiguration;
			buildSettings = {
				ALWAYS_SEARCH_USER_PATHS = NO;
				CLANG_ANALYZER_NONNULL = YES;
				CLANG_ANALYZER_NUMBER_OBJECT_CONVERSION = YES_AGGRESSIVE;
				CLANG_CXX_LANGUAGE_STANDARD = "gnu++14";
				CLANG_CXX_LIBRARY = "libc++";
				CLANG_ENABLE_MODULES = YES;
				CLANG_ENABLE_OBJC_ARC = YES;
				CLANG_ENABLE_OBJC_WEAK = YES;
				CLANG_WARN_BLOCK_CAPTURE_AUTORELEASING = YES;
				CLANG_WARN_BOOL_CONVERSION = YES;
				CLANG_WARN_COMMA = YES;
				CLANG_WARN_CONSTANT_CONVERSION = YES;
				CLANG_WARN_DEPRECATED_OBJC_IMPLEMENTATIONS = YES;
				CLANG_WARN_DIRECT_OBJC_ISA_USAGE = YES_ERROR;
				CLANG_WARN_DOCUMENTATION_COMMENTS = YES;
				CLANG_WARN_EMPTY_BODY = YES;
				CLANG_WARN_ENUM_CONVERSION = YES;
				CLANG_WARN_INFINITE_RECURSION = YES;
				CLANG_WARN_INT_CONVERSION = YES;
				CLANG_WARN_NON_LITERAL_NULL_CONVERSION = YES;
				CLANG_WARN_OBJC_IMPLICIT_RETAIN_SELF = YES;
				CLANG_WARN_OBJC_LITERAL_CONVERSION = YES;
				CLANG_WARN_OBJC_ROOT_CLASS = YES_ERROR;
				CLANG_WARN_QUOTED_INCLUDE_IN_FRAMEWORK_HEADER = YES;
				CLANG_WARN_RANGE_LOOP_ANALYSIS = YES;
				CLANG_WARN_STRICT_PROTOTYPES = YES;
				CLANG_WARN_SUSPICIOUS_MOVE = YES;
				CLANG_WARN_UNGUARDED_AVAILABILITY = YES_AGGRESSIVE;
				CLANG_WARN_UNREACHABLE_CODE = YES;
				CLANG_WARN__DUPLICATE_METHOD_MATCH = YES;
				COPY_PHASE_STRIP = NO;
				DEBUG_INFORMATION_FORMAT = dwarf;
				ENABLE_STRICT_OBJC_MSGSEND = YES;
				ENABLE_TESTABILITY = YES;
				GCC_C_LANGUAGE_STANDARD = gnu11;
				GCC_DYNAMIC_NO_PIC = NO;
				GCC_NO_COMMON_BLOCKS = YES;
				GCC_OPTIMIZATION_LEVEL = 0;
				GCC_PREPROCESSOR_DEFINITIONS = (
					"DEBUG=1",
					"$(inherited)",
				);
				GCC_WARN_64_TO_32_BIT_CONVERSION = YES;
				GCC_WARN_ABOUT_RETURN_TYPE = YES_ERROR;
				GCC_WARN_UNDECLARED_SELECTOR = YES;
				GCC_WARN_UNINITIALIZED_AUTOS = YES_AGGRESSIVE;
				GCC_WARN_UNUSED_FUNCTION = YES;
				GCC_WARN_UNUSED_VARIABLE = YES;
				IPHONEOS_DEPLOYMENT_TARGET = 14.3;
				MTL_ENABLE_DEBUG_INFO = INCLUDE_SOURCE;
				MTL_FAST_MATH = YES;
				ONLY_ACTIVE_ARCH = YES;
				SDKROOT = iphoneos;
				SWIFT_ACTIVE_COMPILATION_CONDITIONS = DEBUG;
				SWIFT_OPTIMIZATION_LEVEL = "-Onone";
			};
			name = Debug;
		};
		EC46D11F25CC8040008B6FFF /* Release */ = {
			isa = XCBuildConfiguration;
			buildSettings = {
				ALWAYS_SEARCH_USER_PATHS = NO;
				CLANG_ANALYZER_NONNULL = YES;
				CLANG_ANALYZER_NUMBER_OBJECT_CONVERSION = YES_AGGRESSIVE;
				CLANG_CXX_LANGUAGE_STANDARD = "gnu++14";
				CLANG_CXX_LIBRARY = "libc++";
				CLANG_ENABLE_MODULES = YES;
				CLANG_ENABLE_OBJC_ARC = YES;
				CLANG_ENABLE_OBJC_WEAK = YES;
				CLANG_WARN_BLOCK_CAPTURE_AUTORELEASING = YES;
				CLANG_WARN_BOOL_CONVERSION = YES;
				CLANG_WARN_COMMA = YES;
				CLANG_WARN_CONSTANT_CONVERSION = YES;
				CLANG_WARN_DEPRECATED_OBJC_IMPLEMENTATIONS = YES;
				CLANG_WARN_DIRECT_OBJC_ISA_USAGE = YES_ERROR;
				CLANG_WARN_DOCUMENTATION_COMMENTS = YES;
				CLANG_WARN_EMPTY_BODY = YES;
				CLANG_WARN_ENUM_CONVERSION = YES;
				CLANG_WARN_INFINITE_RECURSION = YES;
				CLANG_WARN_INT_CONVERSION = YES;
				CLANG_WARN_NON_LITERAL_NULL_CONVERSION = YES;
				CLANG_WARN_OBJC_IMPLICIT_RETAIN_SELF = YES;
				CLANG_WARN_OBJC_LITERAL_CONVERSION = YES;
				CLANG_WARN_OBJC_ROOT_CLASS = YES_ERROR;
				CLANG_WARN_QUOTED_INCLUDE_IN_FRAMEWORK_HEADER = YES;
				CLANG_WARN_RANGE_LOOP_ANALYSIS = YES;
				CLANG_WARN_STRICT_PROTOTYPES = YES;
				CLANG_WARN_SUSPICIOUS_MOVE = YES;
				CLANG_WARN_UNGUARDED_AVAILABILITY = YES_AGGRESSIVE;
				CLANG_WARN_UNREACHABLE_CODE = YES;
				CLANG_WARN__DUPLICATE_METHOD_MATCH = YES;
				COPY_PHASE_STRIP = NO;
				DEBUG_INFORMATION_FORMAT = "dwarf-with-dsym";
				ENABLE_NS_ASSERTIONS = NO;
				ENABLE_STRICT_OBJC_MSGSEND = YES;
				GCC_C_LANGUAGE_STANDARD = gnu11;
				GCC_NO_COMMON_BLOCKS = YES;
				GCC_WARN_64_TO_32_BIT_CONVERSION = YES;
				GCC_WARN_ABOUT_RETURN_TYPE = YES_ERROR;
				GCC_WARN_UNDECLARED_SELECTOR = YES;
				GCC_WARN_UNINITIALIZED_AUTOS = YES_AGGRESSIVE;
				GCC_WARN_UNUSED_FUNCTION = YES;
				GCC_WARN_UNUSED_VARIABLE = YES;
				IPHONEOS_DEPLOYMENT_TARGET = 14.3;
				MTL_ENABLE_DEBUG_INFO = NO;
				MTL_FAST_MATH = YES;
				SDKROOT = iphoneos;
				SWIFT_COMPILATION_MODE = wholemodule;
				SWIFT_OPTIMIZATION_LEVEL = "-O";
				VALIDATE_PRODUCT = YES;
			};
			name = Release;
		};
		EC46D12125CC8040008B6FFF /* Debug */ = {
			isa = XCBuildConfiguration;
			baseConfigurationReference = 9F34735DF2354CFFC20A39F5 /* Pods-pon.debug.xcconfig */;
			buildSettings = {
				ASSETCATALOG_COMPILER_APPICON_NAME = AppIcon;
				ASSETCATALOG_COMPILER_GLOBAL_ACCENT_COLOR_NAME = AccentColor;
				CODE_SIGN_STYLE = Automatic;
				INFOPLIST_FILE = pon/Info.plist;
				IPHONEOS_DEPLOYMENT_TARGET = 13.0;
				LD_RUNPATH_SEARCH_PATHS = (
					"$(inherited)",
					"@executable_path/Frameworks",
				);
				PRODUCT_BUNDLE_IDENTIFIER = demelopment.pon;
				PRODUCT_NAME = "$(TARGET_NAME)";
				SWIFT_VERSION = 5.0;
				TARGETED_DEVICE_FAMILY = "1,2";
			};
			name = Debug;
		};
		EC46D12225CC8040008B6FFF /* Release */ = {
			isa = XCBuildConfiguration;
			baseConfigurationReference = C88CFC22CD49427A2F7AC4C9 /* Pods-pon.release.xcconfig */;
			buildSettings = {
				ASSETCATALOG_COMPILER_APPICON_NAME = AppIcon;
				ASSETCATALOG_COMPILER_GLOBAL_ACCENT_COLOR_NAME = AccentColor;
				CODE_SIGN_STYLE = Automatic;
				INFOPLIST_FILE = pon/Info.plist;
				IPHONEOS_DEPLOYMENT_TARGET = 13.0;
				LD_RUNPATH_SEARCH_PATHS = (
					"$(inherited)",
					"@executable_path/Frameworks",
				);
				PRODUCT_BUNDLE_IDENTIFIER = demelopment.pon;
				PRODUCT_NAME = "$(TARGET_NAME)";
				SWIFT_VERSION = 5.0;
				TARGETED_DEVICE_FAMILY = "1,2";
			};
			name = Release;
		};
		EC46D12425CC8040008B6FFF /* Debug */ = {
			isa = XCBuildConfiguration;
			baseConfigurationReference = 57169295A0BBDEEF59A537AB /* Pods-ponTests.debug.xcconfig */;
			buildSettings = {
				ALWAYS_EMBED_SWIFT_STANDARD_LIBRARIES = YES;
				BUNDLE_LOADER = "$(TEST_HOST)";
				CODE_SIGN_STYLE = Automatic;
				INFOPLIST_FILE = ponTests/Info.plist;
				IPHONEOS_DEPLOYMENT_TARGET = 14.3;
				LD_RUNPATH_SEARCH_PATHS = (
					"$(inherited)",
					"@executable_path/Frameworks",
					"@loader_path/Frameworks",
				);
				PRODUCT_BUNDLE_IDENTIFIER = demelopment.ponTests;
				PRODUCT_NAME = "$(TARGET_NAME)";
				SWIFT_VERSION = 5.0;
				TARGETED_DEVICE_FAMILY = "1,2";
				TEST_HOST = "$(BUILT_PRODUCTS_DIR)/pon.app/pon";
			};
			name = Debug;
		};
		EC46D12525CC8040008B6FFF /* Release */ = {
			isa = XCBuildConfiguration;
			baseConfigurationReference = 6B47EE71EEE833540E5F71A3 /* Pods-ponTests.release.xcconfig */;
			buildSettings = {
				ALWAYS_EMBED_SWIFT_STANDARD_LIBRARIES = YES;
				BUNDLE_LOADER = "$(TEST_HOST)";
				CODE_SIGN_STYLE = Automatic;
				INFOPLIST_FILE = ponTests/Info.plist;
				IPHONEOS_DEPLOYMENT_TARGET = 14.3;
				LD_RUNPATH_SEARCH_PATHS = (
					"$(inherited)",
					"@executable_path/Frameworks",
					"@loader_path/Frameworks",
				);
				PRODUCT_BUNDLE_IDENTIFIER = demelopment.ponTests;
				PRODUCT_NAME = "$(TARGET_NAME)";
				SWIFT_VERSION = 5.0;
				TARGETED_DEVICE_FAMILY = "1,2";
				TEST_HOST = "$(BUILT_PRODUCTS_DIR)/pon.app/pon";
			};
			name = Release;
		};
		EC46D12725CC8040008B6FFF /* Debug */ = {
			isa = XCBuildConfiguration;
			baseConfigurationReference = 10D13FC8CCBCA62CEE038A7B /* Pods-pon-ponUITests.debug.xcconfig */;
			buildSettings = {
				ALWAYS_EMBED_SWIFT_STANDARD_LIBRARIES = YES;
				CODE_SIGN_STYLE = Automatic;
				INFOPLIST_FILE = ponUITests/Info.plist;
				LD_RUNPATH_SEARCH_PATHS = (
					"$(inherited)",
					"@executable_path/Frameworks",
					"@loader_path/Frameworks",
				);
				PRODUCT_BUNDLE_IDENTIFIER = demelopment.ponUITests;
				PRODUCT_NAME = "$(TARGET_NAME)";
				SWIFT_VERSION = 5.0;
				TARGETED_DEVICE_FAMILY = "1,2";
				TEST_TARGET_NAME = pon;
			};
			name = Debug;
		};
		EC46D12825CC8040008B6FFF /* Release */ = {
			isa = XCBuildConfiguration;
			baseConfigurationReference = 78FB6830AA03AFB9F65A8E5D /* Pods-pon-ponUITests.release.xcconfig */;
			buildSettings = {
				ALWAYS_EMBED_SWIFT_STANDARD_LIBRARIES = YES;
				CODE_SIGN_STYLE = Automatic;
				INFOPLIST_FILE = ponUITests/Info.plist;
				LD_RUNPATH_SEARCH_PATHS = (
					"$(inherited)",
					"@executable_path/Frameworks",
					"@loader_path/Frameworks",
				);
				PRODUCT_BUNDLE_IDENTIFIER = demelopment.ponUITests;
				PRODUCT_NAME = "$(TARGET_NAME)";
				SWIFT_VERSION = 5.0;
				TARGETED_DEVICE_FAMILY = "1,2";
				TEST_TARGET_NAME = pon;
			};
			name = Release;
		};
/* End XCBuildConfiguration section */

/* Begin XCConfigurationList section */
		EC46D0F125CC8040008B6FFF /* Build configuration list for PBXProject "pon" */ = {
			isa = XCConfigurationList;
			buildConfigurations = (
				EC46D11E25CC8040008B6FFF /* Debug */,
				EC46D11F25CC8040008B6FFF /* Release */,
			);
			defaultConfigurationIsVisible = 0;
			defaultConfigurationName = Release;
		};
		EC46D12025CC8040008B6FFF /* Build configuration list for PBXNativeTarget "pon" */ = {
			isa = XCConfigurationList;
			buildConfigurations = (
				EC46D12125CC8040008B6FFF /* Debug */,
				EC46D12225CC8040008B6FFF /* Release */,
			);
			defaultConfigurationIsVisible = 0;
			defaultConfigurationName = Release;
		};
		EC46D12325CC8040008B6FFF /* Build configuration list for PBXNativeTarget "ponTests" */ = {
			isa = XCConfigurationList;
			buildConfigurations = (
				EC46D12425CC8040008B6FFF /* Debug */,
				EC46D12525CC8040008B6FFF /* Release */,
			);
			defaultConfigurationIsVisible = 0;
			defaultConfigurationName = Release;
		};
		EC46D12625CC8040008B6FFF /* Build configuration list for PBXNativeTarget "ponUITests" */ = {
			isa = XCConfigurationList;
			buildConfigurations = (
				EC46D12725CC8040008B6FFF /* Debug */,
				EC46D12825CC8040008B6FFF /* Release */,
			);
			defaultConfigurationIsVisible = 0;
			defaultConfigurationName = Release;
		};
/* End XCConfigurationList section */
	};
	rootObject = EC46D0EE25CC8040008B6FFF /* Project object */;
}
